
Microsoft Visual Studio Solution File, Format Version 12.00
# Visual Studio Version 17
VisualStudioVersion = 17.0.32126.317
MinimumVisualStudioVersion = 10.0.40219.1
Project("{FAE04EC0-301F-11D3-BF4B-00C04F79EFBC}") = "StringLogicalPrograms", "StringLogicalPrograms.csproj", "{C2641787-6D10-4A7A-A35F-69F500841474}"
EndProject
Global
	GlobalSection(SolutionConfigurationPlatforms) = preSolution
		Debug|Any CPU = Debug|Any CPU
		Release|Any CPU = Release|Any CPU
	EndGlobalSection
	GlobalSection(ProjectConfigurationPlatforms) = postSolution
		{C2641787-6D10-4A7A-A35F-69F500841474}.Debug|Any CPU.ActiveCfg = Debug|Any CPU
		{C2641787-6D10-4A7A-A35F-69F500841474}.Debug|Any CPU.Build.0 = Debug|Any CPU
		{C2641787-6D10-4A7A-A35F-69F500841474}.Release|Any CPU.ActiveCfg = Release|Any CPU
		{C2641787-6D10-4A7A-A35F-69F500841474}.Release|Any CPU.Build.0 = Release|Any CPU
	EndGlobalSection
	GlobalSection(SolutionProperties) = preSolution
		HideSolutionNode = FALSE
	EndGlobalSection
	GlobalSection(ExtensibilityGlobals) = postSolution
		SolutionGuid = {284BA587-BC37-4B29-A6F9-C3695A5DCF25}
	EndGlobalSection
EndGlobal
